
Microsoft Visual Studio Solution File, Format Version 12.00
# Visual Studio Version 17
VisualStudioVersion = 17.5.33516.290
MinimumVisualStudioVersion = 10.0.40219.1
Project("{9A19103F-16F7-4668-BE54-9A1E7A4F7556}") = "MovieApp", "MovieApp\MovieApp.csproj", "{FCD5C7DA-0B10-44C2-943A-F589AD922176}"
EndProject
Global
	GlobalSection(SolutionConfigurationPlatforms) = preSolution
		Debug|Any CPU = Debug|Any CPU
		Release|Any CPU = Release|Any CPU
	EndGlobalSection
	GlobalSection(ProjectConfigurationPlatforms) = postSolution
		{FCD5C7DA-0B10-44C2-943A-F589AD922176}.Debug|Any CPU.ActiveCfg = Debug|Any CPU
		{FCD5C7DA-0B10-44C2-943A-F589AD922176}.Debug|Any CPU.Build.0 = Debug|Any CPU
		{FCD5C7DA-0B10-44C2-943A-F589AD922176}.Release|Any CPU.ActiveCfg = Release|Any CPU
		{FCD5C7DA-0B10-44C2-943A-F589AD922176}.Release|Any CPU.Build.0 = Release|Any CPU
	EndGlobalSection
	GlobalSection(SolutionProperties) = preSolution
		HideSolutionNode = FALSE
	EndGlobalSection
	GlobalSection(ExtensibilityGlobals) = postSolution
		SolutionGuid = {36AD2708-1017-4A71-AC3C-3949E53647F6}
	EndGlobalSection
EndGlobal
